// !$*UTF8*$!
{
	archiveVersion = 1;
	classes = {
	};
	objectVersion = 55;
	objects = {

/* Begin PBXBuildFile section */
		AF15970229883BD6006B65B5 /* FirstViewController.swift in Sources */ = {isa = PBXBuildFile; fileRef = AF15970129883BD6006B65B5 /* FirstViewController.swift */; };
		AF164B7E29856469008F9FE8 /* UserModel.swift in Sources */ = {isa = PBXBuildFile; fileRef = AF164B7D29856469008F9FE8 /* UserModel.swift */; };
		AF164B802985647B008F9FE8 /* TaskModel.swift in Sources */ = {isa = PBXBuildFile; fileRef = AF164B7F2985647B008F9FE8 /* TaskModel.swift */; };
		AF83423C29859BD2002D1700 /* FirebaseAnalytics in Frameworks */ = {isa = PBXBuildFile; productRef = AF83423B29859BD2002D1700 /* FirebaseAnalytics */; };
		AF83423E29859BD2002D1700 /* FirebaseAuth in Frameworks */ = {isa = PBXBuildFile; productRef = AF83423D29859BD2002D1700 /* FirebaseAuth */; };
		AF83424029859BD2002D1700 /* FirebaseDatabase in Frameworks */ = {isa = PBXBuildFile; productRef = AF83423F29859BD2002D1700 /* FirebaseDatabase */; };
		AF83424229859BD2002D1700 /* FirebaseStorage in Frameworks */ = {isa = PBXBuildFile; productRef = AF83424129859BD2002D1700 /* FirebaseStorage */; };
		AF8342442985ABE7002D1700 /* TasksTVC.swift in Sources */ = {isa = PBXBuildFile; fileRef = AF8342432985ABE7002D1700 /* TasksTVC.swift */; };
		AF85F11C29854C2100F8DCFF /* AppDelegate.swift in Sources */ = {isa = PBXBuildFile; fileRef = AF85F11B29854C2100F8DCFF /* AppDelegate.swift */; };
		AF85F11E29854C2100F8DCFF /* SceneDelegate.swift in Sources */ = {isa = PBXBuildFile; fileRef = AF85F11D29854C2100F8DCFF /* SceneDelegate.swift */; };
		AF85F12029854C2100F8DCFF /* ViewController.swift in Sources */ = {isa = PBXBuildFile; fileRef = AF85F11F29854C2100F8DCFF /* ViewController.swift */; };
		AF85F12329854C2100F8DCFF /* Main.storyboard in Resources */ = {isa = PBXBuildFile; fileRef = AF85F12129854C2100F8DCFF /* Main.storyboard */; };
		AF85F12529854C2800F8DCFF /* Assets.xcassets in Resources */ = {isa = PBXBuildFile; fileRef = AF85F12429854C2800F8DCFF /* Assets.xcassets */; };
		AF85F12829854C2800F8DCFF /* LaunchScreen.storyboard in Resources */ = {isa = PBXBuildFile; fileRef = AF85F12629854C2800F8DCFF /* LaunchScreen.storyboard */; };
		AFFD5EAD298594DB00384C2A /* GoogleService-Info.plist in Resources */ = {isa = PBXBuildFile; fileRef = AFFD5EAC298594DB00384C2A /* GoogleService-Info.plist */; };
/* End PBXBuildFile section */

/* Begin PBXFileReference section */
		AF15970129883BD6006B65B5 /* FirstViewController.swift */ = {isa = PBXFileReference; lastKnownFileType = sourcecode.swift; path = FirstViewController.swift; sourceTree = "<group>"; };
		AF164B7D29856469008F9FE8 /* UserModel.swift */ = {isa = PBXFileReference; lastKnownFileType = sourcecode.swift; path = UserModel.swift; sourceTree = "<group>"; };
		AF164B7F2985647B008F9FE8 /* TaskModel.swift */ = {isa = PBXFileReference; lastKnownFileType = sourcecode.swift; path = TaskModel.swift; sourceTree = "<group>"; };
		AF8342432985ABE7002D1700 /* TasksTVC.swift */ = {isa = PBXFileReference; lastKnownFileType = sourcecode.swift; path = TasksTVC.swift; sourceTree = "<group>"; };
		AF85F11829854C2100F8DCFF /* FirebaseApp.app */ = {isa = PBXFileReference; explicitFileType = wrapper.application; includeInIndex = 0; path = FirebaseApp.app; sourceTree = BUILT_PRODUCTS_DIR; };
		AF85F11B29854C2100F8DCFF /* AppDelegate.swift */ = {isa = PBXFileReference; lastKnownFileType = sourcecode.swift; path = AppDelegate.swift; sourceTree = "<group>"; };
		AF85F11D29854C2100F8DCFF /* SceneDelegate.swift */ = {isa = PBXFileReference; lastKnownFileType = sourcecode.swift; path = SceneDelegate.swift; sourceTree = "<group>"; };
		AF85F11F29854C2100F8DCFF /* ViewController.swift */ = {isa = PBXFileReference; lastKnownFileType = sourcecode.swift; path = ViewController.swift; sourceTree = "<group>"; };
		AF85F12229854C2100F8DCFF /* Base */ = {isa = PBXFileReference; lastKnownFileType = file.storyboard; name = Base; path = Base.lproj/Main.storyboard; sourceTree = "<group>"; };
		AF85F12429854C2800F8DCFF /* Assets.xcassets */ = {isa = PBXFileReference; lastKnownFileType = folder.assetcatalog; path = Assets.xcassets; sourceTree = "<group>"; };
		AF85F12729854C2800F8DCFF /* Base */ = {isa = PBXFileReference; lastKnownFileType = file.storyboard; name = Base; path = Base.lproj/LaunchScreen.storyboard; sourceTree = "<group>"; };
		AF85F12929854C2800F8DCFF /* Info.plist */ = {isa = PBXFileReference; lastKnownFileType = text.plist.xml; path = Info.plist; sourceTree = "<group>"; };
		AFFD5EAC298594DB00384C2A /* GoogleService-Info.plist */ = {isa = PBXFileReference; fileEncoding = 4; lastKnownFileType = text.plist.xml; path = "GoogleService-Info.plist"; sourceTree = "<group>"; };
/* End PBXFileReference section */

/* Begin PBXFrameworksBuildPhase section */
		AF85F11529854C2100F8DCFF /* Frameworks */ = {
			isa = PBXFrameworksBuildPhase;
			buildActionMask = 2147483647;
			files = (
				AF83424029859BD2002D1700 /* FirebaseDatabase in Frameworks */,
				AF83424229859BD2002D1700 /* FirebaseStorage in Frameworks */,
				AF83423C29859BD2002D1700 /* FirebaseAnalytics in Frameworks */,
				AF83423E29859BD2002D1700 /* FirebaseAuth in Frameworks */,
			);
			runOnlyForDeploymentPostprocessing = 0;
		};
/* End PBXFrameworksBuildPhase section */

/* Begin PBXGroup section */
		AF85F10F29854C2000F8DCFF = {
			isa = PBXGroup;
			children = (
				AF85F11A29854C2100F8DCFF /* FirebaseApp */,
				AF85F11929854C2100F8DCFF /* Products */,
			);
			sourceTree = "<group>";
		};
		AF85F11929854C2100F8DCFF /* Products */ = {
			isa = PBXGroup;
			children = (
				AF85F11829854C2100F8DCFF /* FirebaseApp.app */,
			);
			name = Products;
			sourceTree = "<group>";
		};
		AF85F11A29854C2100F8DCFF /* FirebaseApp */ = {
			isa = PBXGroup;
			children = (
				AF85F13229854CEF00F8DCFF /* Models */,
				AF85F13029854CC400F8DCFF /* Views */,
				AF85F13129854CCD00F8DCFF /* Controllers */,
				AF85F12F29854CA400F8DCFF /* Delegate */,
				AF85F12429854C2800F8DCFF /* Assets.xcassets */,
				AFFD5EAC298594DB00384C2A /* GoogleService-Info.plist */,
				AF85F12929854C2800F8DCFF /* Info.plist */,
			);
			path = FirebaseApp;
			sourceTree = "<group>";
		};
		AF85F12F29854CA400F8DCFF /* Delegate */ = {
			isa = PBXGroup;
			children = (
				AF85F11B29854C2100F8DCFF /* AppDelegate.swift */,
				AF85F11D29854C2100F8DCFF /* SceneDelegate.swift */,
			);
			path = Delegate;
			sourceTree = "<group>";
		};
		AF85F13029854CC400F8DCFF /* Views */ = {
			isa = PBXGroup;
			children = (
				AF85F12129854C2100F8DCFF /* Main.storyboard */,
				AF85F12629854C2800F8DCFF /* LaunchScreen.storyboard */,
			);
			path = Views;
			sourceTree = "<group>";
		};
		AF85F13129854CCD00F8DCFF /* Controllers */ = {
			isa = PBXGroup;
			children = (
				AF85F11F29854C2100F8DCFF /* ViewController.swift */,
				AF8342432985ABE7002D1700 /* TasksTVC.swift */,
				AF15970129883BD6006B65B5 /* FirstViewController.swift */,
			);
			path = Controllers;
			sourceTree = "<group>";
		};
		AF85F13229854CEF00F8DCFF /* Models */ = {
			isa = PBXGroup;
			children = (
				AF164B7D29856469008F9FE8 /* UserModel.swift */,
				AF164B7F2985647B008F9FE8 /* TaskModel.swift */,
			);
			path = Models;
			sourceTree = "<group>";
		};
/* End PBXGroup section */

/* Begin PBXNativeTarget section */
		AF85F11729854C2100F8DCFF /* FirebaseApp */ = {
			isa = PBXNativeTarget;
			buildConfigurationList = AF85F12C29854C2800F8DCFF /* Build configuration list for PBXNativeTarget "FirebaseApp" */;
			buildPhases = (
				AF85F11429854C2100F8DCFF /* Sources */,
				AF85F11529854C2100F8DCFF /* Frameworks */,
				AF85F11629854C2100F8DCFF /* Resources */,
			);
			buildRules = (
			);
			dependencies = (
			);
			name = FirebaseApp;
			packageProductDependencies = (
				AF83423B29859BD2002D1700 /* FirebaseAnalytics */,
				AF83423D29859BD2002D1700 /* FirebaseAuth */,
				AF83423F29859BD2002D1700 /* FirebaseDatabase */,
				AF83424129859BD2002D1700 /* FirebaseStorage */,
			);
			productName = FirebaseApp;
			productReference = AF85F11829854C2100F8DCFF /* FirebaseApp.app */;
			productType = "com.apple.product-type.application";
		};
/* End PBXNativeTarget section */

/* Begin PBXProject section */
		AF85F11029854C2000F8DCFF /* Project object */ = {
			isa = PBXProject;
			attributes = {
				BuildIndependentTargetsInParallel = 1;
				LastSwiftUpdateCheck = 1340;
				LastUpgradeCheck = 1340;
				TargetAttributes = {
					AF85F11729854C2100F8DCFF = {
						CreatedOnToolsVersion = 13.4.1;
					};
				};
			};
			buildConfigurationList = AF85F11329854C2000F8DCFF /* Build configuration list for PBXProject "FirebaseApp" */;
			compatibilityVersion = "Xcode 13.0";
			developmentRegion = en;
			hasScannedForEncodings = 0;
			knownRegions = (
				en,
				Base,
			);
			mainGroup = AF85F10F29854C2000F8DCFF;
			packageReferences = (
				AF83423A29859BD2002D1700 /* XCRemoteSwiftPackageReference "firebase-ios-sdk" */,
			);
			productRefGroup = AF85F11929854C2100F8DCFF /* Products */;
			projectDirPath = "";
			projectRoot = "";
			targets = (
				AF85F11729854C2100F8DCFF /* FirebaseApp */,
			);
		};
/* End PBXProject section */

/* Begin PBXResourcesBuildPhase section */
		AF85F11629854C2100F8DCFF /* Resources */ = {
			isa = PBXResourcesBuildPhase;
			buildActionMask = 2147483647;
			files = (
				AF85F12829854C2800F8DCFF /* LaunchScreen.storyboard in Resources */,
				AFFD5EAD298594DB00384C2A /* GoogleService-Info.plist in Resources */,
				AF85F12529854C2800F8DCFF /* Assets.xcassets in Resources */,
				AF85F12329854C2100F8DCFF /* Main.storyboard in Resources */,
			);
			runOnlyForDeploymentPostprocessing = 0;
		};
/* End PBXResourcesBuildPhase section */

/* Begin PBXSourcesBuildPhase section */
		AF85F11429854C2100F8DCFF /* Sources */ = {
			isa = PBXSourcesBuildPhase;
			buildActionMask = 2147483647;
			files = (
				AF85F12029854C2100F8DCFF /* ViewController.swift in Sources */,
				AF85F11C29854C2100F8DCFF /* AppDelegate.swift in Sources */,
				AF8342442985ABE7002D1700 /* TasksTVC.swift in Sources */,
				AF164B802985647B008F9FE8 /* TaskModel.swift in Sources */,
				AF164B7E29856469008F9FE8 /* UserModel.swift in Sources */,
				AF85F11E29854C2100F8DCFF /* SceneDelegate.swift in Sources */,
				AF15970229883BD6006B65B5 /* FirstViewController.swift in Sources */,
			);
			runOnlyForDeploymentPostprocessing = 0;
		};
/* End PBXSourcesBuildPhase section */

/* Begin PBXVariantGroup section */
		AF85F12129854C2100F8DCFF /* Main.storyboard */ = {
			isa = PBXVariantGroup;
			children = (
				AF85F12229854C2100F8DCFF /* Base */,
			);
			name = Main.storyboard;
			sourceTree = "<group>";
		};
		AF85F12629854C2800F8DCFF /* LaunchScreen.storyboard */ = {
			isa = PBXVariantGroup;
			children = (
				AF85F12729854C2800F8DCFF /* Base */,
			);
			name = LaunchScreen.storyboard;
			sourceTree = "<group>";
		};
/* End PBXVariantGroup section */

/* Begin XCBuildConfiguration section */
		AF85F12A29854C2800F8DCFF /* Debug */ = {
			isa = XCBuildConfiguration;
			buildSettings = {
				ALWAYS_SEARCH_USER_PATHS = NO;
				CLANG_ANALYZER_NONNULL = YES;
				CLANG_ANALYZER_NUMBER_OBJECT_CONVERSION = YES_AGGRESSIVE;
				CLANG_CXX_LANGUAGE_STANDARD = "gnu++17";
				CLANG_ENABLE_MODULES = YES;
				CLANG_ENABLE_OBJC_ARC = YES;
				CLANG_ENABLE_OBJC_WEAK = YES;
				CLANG_WARN_BLOCK_CAPTURE_AUTORELEASING = YES;
				CLANG_WARN_BOOL_CONVERSION = YES;
				CLANG_WARN_COMMA = YES;
				CLANG_WARN_CONSTANT_CONVERSION = YES;
				CLANG_WARN_DEPRECATED_OBJC_IMPLEMENTATIONS = YES;
				CLANG_WARN_DIRECT_OBJC_ISA_USAGE = YES_ERROR;
				CLANG_WARN_DOCUMENTATION_COMMENTS = YES;
				CLANG_WARN_EMPTY_BODY = YES;
				CLANG_WARN_ENUM_CONVERSION = YES;
				CLANG_WARN_INFINITE_RECURSION = YES;
				CLANG_WARN_INT_CONVERSION = YES;
				CLANG_WARN_NON_LITERAL_NULL_CONVERSION = YES;
				CLANG_WARN_OBJC_IMPLICIT_RETAIN_SELF = YES;
				CLANG_WARN_OBJC_LITERAL_CONVERSION = YES;
				CLANG_WARN_OBJC_ROOT_CLASS = YES_ERROR;
				CLANG_WARN_QUOTED_INCLUDE_IN_FRAMEWORK_HEADER = YES;
				CLANG_WARN_RANGE_LOOP_ANALYSIS = YES;
				CLANG_WARN_STRICT_PROTOTYPES = YES;
				CLANG_WARN_SUSPICIOUS_MOVE = YES;
				CLANG_WARN_UNGUARDED_AVAILABILITY = YES_AGGRESSIVE;
				CLANG_WARN_UNREACHABLE_CODE = YES;
				CLANG_WARN__DUPLICATE_METHOD_MATCH = YES;
				COPY_PHASE_STRIP = NO;
				DEBUG_INFORMATION_FORMAT = dwarf;
				ENABLE_STRICT_OBJC_MSGSEND = YES;
				ENABLE_TESTABILITY = YES;
				GCC_C_LANGUAGE_STANDARD = gnu11;
				GCC_DYNAMIC_NO_PIC = NO;
				GCC_NO_COMMON_BLOCKS = YES;
				GCC_OPTIMIZATION_LEVEL = 0;
				GCC_PREPROCESSOR_DEFINITIONS = (
					"DEBUG=1",
					"$(inherited)",
				);
				GCC_WARN_64_TO_32_BIT_CONVERSION = YES;
				GCC_WARN_ABOUT_RETURN_TYPE = YES_ERROR;
				GCC_WARN_UNDECLARED_SELECTOR = YES;
				GCC_WARN_UNINITIALIZED_AUTOS = YES_AGGRESSIVE;
				GCC_WARN_UNUSED_FUNCTION = YES;
				GCC_WARN_UNUSED_VARIABLE = YES;
				IPHONEOS_DEPLOYMENT_TARGET = 15.5;
				MTL_ENABLE_DEBUG_INFO = INCLUDE_SOURCE;
				MTL_FAST_MATH = YES;
				ONLY_ACTIVE_ARCH = YES;
				SDKROOT = iphoneos;
				SWIFT_ACTIVE_COMPILATION_CONDITIONS = DEBUG;
				SWIFT_OPTIMIZATION_LEVEL = "-Onone";
			};
			name = Debug;
		};
		AF85F12B29854C2800F8DCFF /* Release */ = {
			isa = XCBuildConfiguration;
			buildSettings = {
				ALWAYS_SEARCH_USER_PATHS = NO;
				CLANG_ANALYZER_NONNULL = YES;
				CLANG_ANALYZER_NUMBER_OBJECT_CONVERSION = YES_AGGRESSIVE;
				CLANG_CXX_LANGUAGE_STANDARD = "gnu++17";
				CLANG_ENABLE_MODULES = YES;
				CLANG_ENABLE_OBJC_ARC = YES;
				CLANG_ENABLE_OBJC_WEAK = YES;
				CLANG_WARN_BLOCK_CAPTURE_AUTORELEASING = YES;
				CLANG_WARN_BOOL_CONVERSION = YES;
				CLANG_WARN_COMMA = YES;
				CLANG_WARN_CONSTANT_CONVERSION = YES;
				CLANG_WARN_DEPRECATED_OBJC_IMPLEMENTATIONS = YES;
				CLANG_WARN_DIRECT_OBJC_ISA_USAGE = YES_ERROR;
				CLANG_WARN_DOCUMENTATION_COMMENTS = YES;
				CLANG_WARN_EMPTY_BODY = YES;
				CLANG_WARN_ENUM_CONVERSION = YES;
				CLANG_WARN_INFINITE_RECURSION = YES;
				CLANG_WARN_INT_CONVERSION = YES;
				CLANG_WARN_NON_LITERAL_NULL_CONVERSION = YES;
				CLANG_WARN_OBJC_IMPLICIT_RETAIN_SELF = YES;
				CLANG_WARN_OBJC_LITERAL_CONVERSION = YES;
				CLANG_WARN_OBJC_ROOT_CLASS = YES_ERROR;
				CLANG_WARN_QUOTED_INCLUDE_IN_FRAMEWORK_HEADER = YES;
				CLANG_WARN_RANGE_LOOP_ANALYSIS = YES;
				CLANG_WARN_STRICT_PROTOTYPES = YES;
				CLANG_WARN_SUSPICIOUS_MOVE = YES;
				CLANG_WARN_UNGUARDED_AVAILABILITY = YES_AGGRESSIVE;
				CLANG_WARN_UNREACHABLE_CODE = YES;
				CLANG_WARN__DUPLICATE_METHOD_MATCH = YES;
				COPY_PHASE_STRIP = NO;
				DEBUG_INFORMATION_FORMAT = "dwarf-with-dsym";
				ENABLE_NS_ASSERTIONS = NO;
				ENABLE_STRICT_OBJC_MSGSEND = YES;
				GCC_C_LANGUAGE_STANDARD = gnu11;
				GCC_NO_COMMON_BLOCKS = YES;
				GCC_WARN_64_TO_32_BIT_CONVERSION = YES;
				GCC_WARN_ABOUT_RETURN_TYPE = YES_ERROR;
				GCC_WARN_UNDECLARED_SELECTOR = YES;
				GCC_WARN_UNINITIALIZED_AUTOS = YES_AGGRESSIVE;
				GCC_WARN_UNUSED_FUNCTION = YES;
				GCC_WARN_UNUSED_VARIABLE = YES;
				IPHONEOS_DEPLOYMENT_TARGET = 15.5;
				MTL_ENABLE_DEBUG_INFO = NO;
				MTL_FAST_MATH = YES;
				SDKROOT = iphoneos;
				SWIFT_COMPILATION_MODE = wholemodule;
				SWIFT_OPTIMIZATION_LEVEL = "-O";
				VALIDATE_PRODUCT = YES;
			};
			name = Release;
		};
		AF85F12D29854C2800F8DCFF /* Debug */ = {
			isa = XCBuildConfiguration;
			buildSettings = {
				ASSETCATALOG_COMPILER_APPICON_NAME = AppIcon;
				ASSETCATALOG_COMPILER_GLOBAL_ACCENT_COLOR_NAME = AccentColor;
				CODE_SIGN_STYLE = Automatic;
				CURRENT_PROJECT_VERSION = 1;
				DEVELOPMENT_TEAM = JQSUXNGVC5;
				GENERATE_INFOPLIST_FILE = YES;
				INFOPLIST_FILE = FirebaseApp/Info.plist;
				INFOPLIST_KEY_UIApplicationSupportsIndirectInputEvents = YES;
				INFOPLIST_KEY_UILaunchStoryboardName = LaunchScreen;
				INFOPLIST_KEY_UIMainStoryboardFile = Main;
				INFOPLIST_KEY_UISupportedInterfaceOrientations = UIInterfaceOrientationPortrait;
				INFOPLIST_KEY_UISupportedInterfaceOrientations_iPad = "UIInterfaceOrientationPortrait UIInterfaceOrientationPortraitUpsideDown UIInterfaceOrientationLandscapeLeft UIInterfaceOrientationLandscapeRight";
				INFOPLIST_KEY_UISupportedInterfaceOrientations_iPhone = "UIInterfaceOrientationPortrait UIInterfaceOrientationLandscapeLeft UIInterfaceOrientationLandscapeRight";
				LD_RUNPATH_SEARCH_PATHS = (
					"$(inherited)",
					"@executable_path/Frameworks",
				);
				MARKETING_VERSION = 1.0;
				PRODUCT_BUNDLE_IDENTIFIER = EugeneZabrodski.FirebaseApp;
				PRODUCT_NAME = "$(TARGET_NAME)";
				SWIFT_EMIT_LOC_STRINGS = YES;
				SWIFT_VERSION = 5.0;
				TARGETED_DEVICE_FAMILY = 1;
			};
			name = Debug;
		};
		AF85F12E29854C2800F8DCFF /* Release */ = {
			isa = XCBuildConfiguration;
			buildSettings = {
				ASSETCATALOG_COMPILER_APPICON_NAME = AppIcon;
				ASSETCATALOG_COMPILER_GLOBAL_ACCENT_COLOR_NAME = AccentColor;
				CODE_SIGN_STYLE = Automatic;
				CURRENT_PROJECT_VERSION = 1;
				DEVELOPMENT_TEAM = JQSUXNGVC5;
				GENERATE_INFOPLIST_FILE = YES;
				INFOPLIST_FILE = FirebaseApp/Info.plist;
				INFOPLIST_KEY_UIApplicationSupportsIndirectInputEvents = YES;
				INFOPLIST_KEY_UILaunchStoryboardName = LaunchScreen;
				INFOPLIST_KEY_UIMainStoryboardFile = Main;
				INFOPLIST_KEY_UISupportedInterfaceOrientations = UIInterfaceOrientationPortrait;
				INFOPLIST_KEY_UISupportedInterfaceOrientations_iPad = "UIInterfaceOrientationPortrait UIInterfaceOrientationPortraitUpsideDown UIInterfaceOrientationLandscapeLeft UIInterfaceOrientationLandscapeRight";
				INFOPLIST_KEY_UISupportedInterfaceOrientations_iPhone = "UIInterfaceOrientationPortrait UIInterfaceOrientationLandscapeLeft UIInterfaceOrientationLandscapeRight";
				LD_RUNPATH_SEARCH_PATHS = (
					"$(inherited)",
					"@executable_path/Frameworks",
				);
				MARKETING_VERSION = 1.0;
				PRODUCT_BUNDLE_IDENTIFIER = EugeneZabrodski.FirebaseApp;
				PRODUCT_NAME = "$(TARGET_NAME)";
				SWIFT_EMIT_LOC_STRINGS = YES;
				SWIFT_VERSION = 5.0;
				TARGETED_DEVICE_FAMILY = 1;
			};
			name = Release;
		};
/* End XCBuildConfiguration section */

/* Begin XCConfigurationList section */
		AF85F11329854C2000F8DCFF /* Build configuration list for PBXProject "FirebaseApp" */ = {
			isa = XCConfigurationList;
			buildConfigurations = (
				AF85F12A29854C2800F8DCFF /* Debug */,
				AF85F12B29854C2800F8DCFF /* Release */,
			);
			defaultConfigurationIsVisible = 0;
			defaultConfigurationName = Release;
		};
		AF85F12C29854C2800F8DCFF /* Build configuration list for PBXNativeTarget "FirebaseApp" */ = {
			isa = XCConfigurationList;
			buildConfigurations = (
				AF85F12D29854C2800F8DCFF /* Debug */,
				AF85F12E29854C2800F8DCFF /* Release */,
			);
			defaultConfigurationIsVisible = 0;
			defaultConfigurationName = Release;
		};
/* End XCConfigurationList section */

/* Begin XCRemoteSwiftPackageReference section */
		AF83423A29859BD2002D1700 /* XCRemoteSwiftPackageReference "firebase-ios-sdk" */ = {
			isa = XCRemoteSwiftPackageReference;
			repositoryURL = "https://github.com/firebase/firebase-ios-sdk";
			requirement = {
				kind = upToNextMajorVersion;
				minimumVersion = 10.4.0;
			};
		};
/* End XCRemoteSwiftPackageReference section */

/* Begin XCSwiftPackageProductDependency section */
		AF83423B29859BD2002D1700 /* FirebaseAnalytics */ = {
			isa = XCSwiftPackageProductDependency;
			package = AF83423A29859BD2002D1700 /* XCRemoteSwiftPackageReference "firebase-ios-sdk" */;
			productName = FirebaseAnalytics;
		};
		AF83423D29859BD2002D1700 /* FirebaseAuth */ = {
			isa = XCSwiftPackageProductDependency;
			package = AF83423A29859BD2002D1700 /* XCRemoteSwiftPackageReference "firebase-ios-sdk" */;
			productName = FirebaseAuth;
		};
		AF83423F29859BD2002D1700 /* FirebaseDatabase */ = {
			isa = XCSwiftPackageProductDependency;
			package = AF83423A29859BD2002D1700 /* XCRemoteSwiftPackageReference "firebase-ios-sdk" */;
			productName = FirebaseDatabase;
		};
		AF83424129859BD2002D1700 /* FirebaseStorage */ = {
			isa = XCSwiftPackageProductDependency;
			package = AF83423A29859BD2002D1700 /* XCRemoteSwiftPackageReference "firebase-ios-sdk" */;
			productName = FirebaseStorage;
		};
/* End XCSwiftPackageProductDependency section */
	};
	rootObject = AF85F11029854C2000F8DCFF /* Project object */;
}
